
Microsoft Visual Studio Solution File, Format Version 12.00
Project("{FAE04EC0-301F-11D3-BF4B-00C04F79EFBC}") = "Flagrant", "Flagrant\Flagrant.csproj", "{3FB1E78B-CBB5-4AC3-8EBA-54EF356C1A89}"
EndProject
Project("{FAE04EC0-301F-11D3-BF4B-00C04F79EFBC}") = "Flagrant.Test", "Flagrant.Test\Flagrant.Test.csproj", "{B54D5340-7547-4AE5-831A-57F914BAD488}"
EndProject
Global
	GlobalSection(SolutionConfigurationPlatforms) = preSolution
		Debug|Any CPU = Debug|Any CPU
		Release|Any CPU = Release|Any CPU
	EndGlobalSection
	GlobalSection(ProjectConfigurationPlatforms) = postSolution
		{3FB1E78B-CBB5-4AC3-8EBA-54EF356C1A89}.Debug|Any CPU.ActiveCfg = Debug|Any CPU
		{3FB1E78B-CBB5-4AC3-8EBA-54EF356C1A89}.Debug|Any CPU.Build.0 = Debug|Any CPU
		{3FB1E78B-CBB5-4AC3-8EBA-54EF356C1A89}.Release|Any CPU.ActiveCfg = Release|Any CPU
		{3FB1E78B-CBB5-4AC3-8EBA-54EF356C1A89}.Release|Any CPU.Build.0 = Release|Any CPU
		{B54D5340-7547-4AE5-831A-57F914BAD488}.Debug|Any CPU.ActiveCfg = Debug|Any CPU
		{B54D5340-7547-4AE5-831A-57F914BAD488}.Debug|Any CPU.Build.0 = Debug|Any CPU
		{B54D5340-7547-4AE5-831A-57F914BAD488}.Release|Any CPU.ActiveCfg = Release|Any CPU
		{B54D5340-7547-4AE5-831A-57F914BAD488}.Release|Any CPU.Build.0 = Release|Any CPU
	EndGlobalSection
EndGlobal
